# This file is autogenerated, do not edit; changes may be undone by the next 'dep ensure'.


[[projects]]
  branch = "master"
  name = "github.com/jackpal/bencode-go"
  packages = ["."]
  revision = "8b8d9a9b37fcd43f365439810d725081b114af68"

[[projects]]
  name = "github.com/op/go-logging"
  packages = ["."]
  revision = "b2cb9fa56473e98db8caba80237377e83fe44db5"
  version = "v1"

[solve-meta]
  analyzer-name = "dep"
  analyzer-version = 1
  inputs-digest = "ce86d86d20357a9676c12a5af8dbb1420865518030b455d7ea2fcb7e6c8b522b"
  solver-name = "gps-cdcl"
  solver-version = 1
